
Microsoft Visual Studio Solution File, Format Version 12.00
# Visual Studio Version 17
VisualStudioVersion = 17.1.32407.343
MinimumVisualStudioVersion = 10.0.40219.1
Project("{FAE04EC0-301F-11D3-BF4B-00C04F79EFBC}") = "library", "LIBRARY1\library.csproj", "{FA394658-7B80-4587-826C-6C997D68F3E6}"
EndProject
Global
	GlobalSection(SolutionConfigurationPlatforms) = preSolution
		Debug|Any CPU = Debug|Any CPU
		Release|Any CPU = Release|Any CPU
	EndGlobalSection
	GlobalSection(ProjectConfigurationPlatforms) = postSolution
		{FA394658-7B80-4587-826C-6C997D68F3E6}.Debug|Any CPU.ActiveCfg = Debug|Any CPU
		{FA394658-7B80-4587-826C-6C997D68F3E6}.Debug|Any CPU.Build.0 = Debug|Any CPU
		{FA394658-7B80-4587-826C-6C997D68F3E6}.Release|Any CPU.ActiveCfg = Release|Any CPU
		{FA394658-7B80-4587-826C-6C997D68F3E6}.Release|Any CPU.Build.0 = Release|Any CPU
	EndGlobalSection
	GlobalSection(SolutionProperties) = preSolution
		HideSolutionNode = FALSE
	EndGlobalSection
	GlobalSection(ExtensibilityGlobals) = postSolution
		SolutionGuid = {566BD97D-A393-460A-866C-0137B4FF4D8B}
	EndGlobalSection
EndGlobal
